
Microsoft Visual Studio Solution File, Format Version 12.00
# Visual Studio Version 17
VisualStudioVersion = 17.14.36310.24 d17.14
MinimumVisualStudioVersion = 10.0.40219.1
Project("{FAE04EC0-301F-11D3-BF4B-00C04F79EFBC}") = "Examen1", "Examen1.csproj", "{8B483486-707D-440D-B353-C6CFA4787059}"
EndProject
Global
	GlobalSection(SolutionConfigurationPlatforms) = preSolution
		Debug|Any CPU = Debug|Any CPU
		Release|Any CPU = Release|Any CPU
	EndGlobalSection
	GlobalSection(ProjectConfigurationPlatforms) = postSolution
		{8B483486-707D-440D-B353-C6CFA4787059}.Debug|Any CPU.ActiveCfg = Debug|Any CPU
		{8B483486-707D-440D-B353-C6CFA4787059}.Debug|Any CPU.Build.0 = Debug|Any CPU
		{8B483486-707D-440D-B353-C6CFA4787059}.Release|Any CPU.ActiveCfg = Release|Any CPU
		{8B483486-707D-440D-B353-C6CFA4787059}.Release|Any CPU.Build.0 = Release|Any CPU
	EndGlobalSection
	GlobalSection(SolutionProperties) = preSolution
		HideSolutionNode = FALSE
	EndGlobalSection
	GlobalSection(ExtensibilityGlobals) = postSolution
		SolutionGuid = {45AA52DC-31F9-4306-99A3-41AAD0B9050D}
	EndGlobalSection
EndGlobal
